
Microsoft Visual Studio Solution File, Format Version 12.00
# Visual Studio Version 17
VisualStudioVersion = 17.11.35312.102
MinimumVisualStudioVersion = 10.0.40219.1
Project("{8BC9CEB8-8B4A-11D0-8D11-00A0C91BC942}") = "zandannya1", "class11c++\class11c++.vcxproj", "{E1B28D15-8B78-43AD-9005-8329F89B0253}"
EndProject
Project("{8BC9CEB8-8B4A-11D0-8D11-00A0C91BC942}") = "zavdannya4", "zavdannya4\zavdannya4.vcxproj", "{08987109-328F-4D65-9233-6C24E4B26831}"
EndProject
Project("{8BC9CEB8-8B4A-11D0-8D11-00A0C91BC942}") = "zavdannya8", "zavdannya8\zavdannya8.vcxproj", "{165172FC-292A-4938-8AFC-67F214FD3CAA}"
EndProject
Global
	GlobalSection(SolutionConfigurationPlatforms) = preSolution
		Debug|x64 = Debug|x64
		Debug|x86 = Debug|x86
		Release|x64 = Release|x64
		Release|x86 = Release|x86
	EndGlobalSection
	GlobalSection(ProjectConfigurationPlatforms) = postSolution
		{E1B28D15-8B78-43AD-9005-8329F89B0253}.Debug|x64.ActiveCfg = Debug|x64
		{E1B28D15-8B78-43AD-9005-8329F89B0253}.Debug|x64.Build.0 = Debug|x64
		{E1B28D15-8B78-43AD-9005-8329F89B0253}.Debug|x86.ActiveCfg = Debug|Win32
		{E1B28D15-8B78-43AD-9005-8329F89B0253}.Debug|x86.Build.0 = Debug|Win32
		{E1B28D15-8B78-43AD-9005-8329F89B0253}.Release|x64.ActiveCfg = Release|x64
		{E1B28D15-8B78-43AD-9005-8329F89B0253}.Release|x64.Build.0 = Release|x64
		{E1B28D15-8B78-43AD-9005-8329F89B0253}.Release|x86.ActiveCfg = Release|Win32
		{E1B28D15-8B78-43AD-9005-8329F89B0253}.Release|x86.Build.0 = Release|Win32
		{08987109-328F-4D65-9233-6C24E4B26831}.Debug|x64.ActiveCfg = Debug|x64
		{08987109-328F-4D65-9233-6C24E4B26831}.Debug|x64.Build.0 = Debug|x64
		{08987109-328F-4D65-9233-6C24E4B26831}.Debug|x86.ActiveCfg = Debug|Win32
		{08987109-328F-4D65-9233-6C24E4B26831}.Debug|x86.Build.0 = Debug|Win32
		{08987109-328F-4D65-9233-6C24E4B26831}.Release|x64.ActiveCfg = Release|x64
		{08987109-328F-4D65-9233-6C24E4B26831}.Release|x64.Build.0 = Release|x64
		{08987109-328F-4D65-9233-6C24E4B26831}.Release|x86.ActiveCfg = Release|Win32
		{08987109-328F-4D65-9233-6C24E4B26831}.Release|x86.Build.0 = Release|Win32
		{165172FC-292A-4938-8AFC-67F214FD3CAA}.Debug|x64.ActiveCfg = Debug|x64
		{165172FC-292A-4938-8AFC-67F214FD3CAA}.Debug|x64.Build.0 = Debug|x64
		{165172FC-292A-4938-8AFC-67F214FD3CAA}.Debug|x86.ActiveCfg = Debug|Win32
		{165172FC-292A-4938-8AFC-67F214FD3CAA}.Debug|x86.Build.0 = Debug|Win32
		{165172FC-292A-4938-8AFC-67F214FD3CAA}.Release|x64.ActiveCfg = Release|x64
		{165172FC-292A-4938-8AFC-67F214FD3CAA}.Release|x64.Build.0 = Release|x64
		{165172FC-292A-4938-8AFC-67F214FD3CAA}.Release|x86.ActiveCfg = Release|Win32
		{165172FC-292A-4938-8AFC-67F214FD3CAA}.Release|x86.Build.0 = Release|Win32
	EndGlobalSection
	GlobalSection(SolutionProperties) = preSolution
		HideSolutionNode = FALSE
	EndGlobalSection
	GlobalSection(ExtensibilityGlobals) = postSolution
		SolutionGuid = {1150804E-517B-4889-AADD-3CCA293D4C84}
	EndGlobalSection
EndGlobal
